
Microsoft Visual Studio Solution File, Format Version 12.00
Project("{FAE04EC0-301F-11D3-BF4B-00C04F79EFBC}") = "Oauth", "Oauth\Oauth.csproj", "{25A90F78-3212-4CE7-AC91-F2A116F2BBED}"
EndProject
Global
	GlobalSection(SolutionConfigurationPlatforms) = preSolution
		Debug|Any CPU = Debug|Any CPU
		Release|Any CPU = Release|Any CPU
	EndGlobalSection
	GlobalSection(ProjectConfigurationPlatforms) = postSolution
		{25A90F78-3212-4CE7-AC91-F2A116F2BBED}.Debug|Any CPU.ActiveCfg = Debug|Any CPU
		{25A90F78-3212-4CE7-AC91-F2A116F2BBED}.Debug|Any CPU.Build.0 = Debug|Any CPU
		{25A90F78-3212-4CE7-AC91-F2A116F2BBED}.Release|Any CPU.ActiveCfg = Release|Any CPU
		{25A90F78-3212-4CE7-AC91-F2A116F2BBED}.Release|Any CPU.Build.0 = Release|Any CPU
	EndGlobalSection
EndGlobal
