
Microsoft Visual Studio Solution File, Format Version 12.00
# Visual Studio 15
VisualStudioVersion = 15.0.26124.0
MinimumVisualStudioVersion = 15.0.26124.0
Project("{FAE04EC0-301F-11D3-BF4B-00C04F79EFBC}") = "xiaoji", "xiaoji\xiaoji.csproj", "{574C6315-FA57-45D2-9799-851D9CDC3583}"
EndProject
Project("{FAE04EC0-301F-11D3-BF4B-00C04F79EFBC}") = "shuntui", "shuntui\shuntui.csproj", "{7ECF8FAF-2137-4DCF-B305-6E11C0E7940A}"
EndProject
Project("{FAE04EC0-301F-11D3-BF4B-00C04F79EFBC}") = "jiecheng", "jiecheng\jiecheng.csproj", "{9841B63F-3FFD-4ACC-BB4F-568D0F2095C5}"
EndProject
Project("{FAE04EC0-301F-11D3-BF4B-00C04F79EFBC}") = "ouguan", "ouguan\ouguan.csproj", "{05AEB619-4A28-477D-B1A4-6995EDEB4CF8}"
EndProject
Project("{FAE04EC0-301F-11D3-BF4B-00C04F79EFBC}") = "study", "study\study.csproj", "{FD149F50-BCCB-4ED1-95B1-558FAADE832C}"
EndProject
Project("{FAE04EC0-301F-11D3-BF4B-00C04F79EFBC}") = "chapter1", "chapter1\chapter1.csproj", "{75BF6E98-FDD6-41ED-BDA9-8794A9F48DD1}"
EndProject
Project("{FAE04EC0-301F-11D3-BF4B-00C04F79EFBC}") = "chapter2", "chapter2\chapter2.csproj", "{030AD976-E87C-4520-BBFF-77874773152D}"
EndProject
Project("{FAE04EC0-301F-11D3-BF4B-00C04F79EFBC}") = "chapter3", "chapter3\chapter3.csproj", "{A815C5E7-DEC7-40A6-8800-17A971E6E8B1}"
EndProject
Project("{FAE04EC0-301F-11D3-BF4B-00C04F79EFBC}") = "chapter4", "chapter4\chapter4.csproj", "{DB9E2101-BC10-4024-BF50-F2040DD695BB}"
EndProject
Project("{FAE04EC0-301F-11D3-BF4B-00C04F79EFBC}") = "chapter5", "chapter5\chapter5.csproj", "{F6D1C152-C18B-4022-A86A-EF3382E41704}"
EndProject
Project("{FAE04EC0-301F-11D3-BF4B-00C04F79EFBC}") = "chapter6", "chapter6\chapter6.csproj", "{EAB26712-3A43-4A6C-B7C1-FEFFB00B2677}"
EndProject
Project("{FAE04EC0-301F-11D3-BF4B-00C04F79EFBC}") = "chapter7", "chapter7\chapter7.csproj", "{ED5CEA2F-ABA5-4B8E-8001-C5AD2DF396C5}"
EndProject
Project("{FAE04EC0-301F-11D3-BF4B-00C04F79EFBC}") = "chapter9", "chapter9\chapter9.csproj", "{F1A54851-7197-46A4-A3CF-32449365E7F6}"
EndProject
Project("{FAE04EC0-301F-11D3-BF4B-00C04F79EFBC}") = "chapter10", "chapter10\chapter10.csproj", "{573E1EAD-F560-416D-A38F-5DBA6B0461AF}"
EndProject
Project("{FAE04EC0-301F-11D3-BF4B-00C04F79EFBC}") = "chapter14", "chapter14\chapter14.csproj", "{042BB482-1AC2-4481-88E6-0E88370BC164}"
EndProject
Project("{FAE04EC0-301F-11D3-BF4B-00C04F79EFBC}") = "chapter12", "chapter12\chapter12.csproj", "{6645585B-B473-450C-9CD9-08B6AE2A08B5}"
EndProject
Global
	GlobalSection(SolutionConfigurationPlatforms) = preSolution
		Debug|Any CPU = Debug|Any CPU
		Debug|x64 = Debug|x64
		Debug|x86 = Debug|x86
		Release|Any CPU = Release|Any CPU
		Release|x64 = Release|x64
		Release|x86 = Release|x86
	EndGlobalSection
	GlobalSection(SolutionProperties) = preSolution
		HideSolutionNode = FALSE
	EndGlobalSection
	GlobalSection(ProjectConfigurationPlatforms) = postSolution
		{574C6315-FA57-45D2-9799-851D9CDC3583}.Debug|Any CPU.ActiveCfg = Debug|Any CPU
		{574C6315-FA57-45D2-9799-851D9CDC3583}.Debug|Any CPU.Build.0 = Debug|Any CPU
		{574C6315-FA57-45D2-9799-851D9CDC3583}.Debug|x64.ActiveCfg = Debug|Any CPU
		{574C6315-FA57-45D2-9799-851D9CDC3583}.Debug|x64.Build.0 = Debug|Any CPU
		{574C6315-FA57-45D2-9799-851D9CDC3583}.Debug|x86.ActiveCfg = Debug|Any CPU
		{574C6315-FA57-45D2-9799-851D9CDC3583}.Debug|x86.Build.0 = Debug|Any CPU
		{574C6315-FA57-45D2-9799-851D9CDC3583}.Release|Any CPU.ActiveCfg = Release|Any CPU
		{574C6315-FA57-45D2-9799-851D9CDC3583}.Release|Any CPU.Build.0 = Release|Any CPU
		{574C6315-FA57-45D2-9799-851D9CDC3583}.Release|x64.ActiveCfg = Release|Any CPU
		{574C6315-FA57-45D2-9799-851D9CDC3583}.Release|x64.Build.0 = Release|Any CPU
		{574C6315-FA57-45D2-9799-851D9CDC3583}.Release|x86.ActiveCfg = Release|Any CPU
		{574C6315-FA57-45D2-9799-851D9CDC3583}.Release|x86.Build.0 = Release|Any CPU
		{7ECF8FAF-2137-4DCF-B305-6E11C0E7940A}.Debug|Any CPU.ActiveCfg = Debug|Any CPU
		{7ECF8FAF-2137-4DCF-B305-6E11C0E7940A}.Debug|Any CPU.Build.0 = Debug|Any CPU
		{7ECF8FAF-2137-4DCF-B305-6E11C0E7940A}.Debug|x64.ActiveCfg = Debug|Any CPU
		{7ECF8FAF-2137-4DCF-B305-6E11C0E7940A}.Debug|x64.Build.0 = Debug|Any CPU
		{7ECF8FAF-2137-4DCF-B305-6E11C0E7940A}.Debug|x86.ActiveCfg = Debug|Any CPU
		{7ECF8FAF-2137-4DCF-B305-6E11C0E7940A}.Debug|x86.Build.0 = Debug|Any CPU
		{7ECF8FAF-2137-4DCF-B305-6E11C0E7940A}.Release|Any CPU.ActiveCfg = Release|Any CPU
		{7ECF8FAF-2137-4DCF-B305-6E11C0E7940A}.Release|Any CPU.Build.0 = Release|Any CPU
		{7ECF8FAF-2137-4DCF-B305-6E11C0E7940A}.Release|x64.ActiveCfg = Release|Any CPU
		{7ECF8FAF-2137-4DCF-B305-6E11C0E7940A}.Release|x64.Build.0 = Release|Any CPU
		{7ECF8FAF-2137-4DCF-B305-6E11C0E7940A}.Release|x86.ActiveCfg = Release|Any CPU
		{7ECF8FAF-2137-4DCF-B305-6E11C0E7940A}.Release|x86.Build.0 = Release|Any CPU
		{9841B63F-3FFD-4ACC-BB4F-568D0F2095C5}.Debug|Any CPU.ActiveCfg = Debug|Any CPU
		{9841B63F-3FFD-4ACC-BB4F-568D0F2095C5}.Debug|Any CPU.Build.0 = Debug|Any CPU
		{9841B63F-3FFD-4ACC-BB4F-568D0F2095C5}.Debug|x64.ActiveCfg = Debug|Any CPU
		{9841B63F-3FFD-4ACC-BB4F-568D0F2095C5}.Debug|x64.Build.0 = Debug|Any CPU
		{9841B63F-3FFD-4ACC-BB4F-568D0F2095C5}.Debug|x86.ActiveCfg = Debug|Any CPU
		{9841B63F-3FFD-4ACC-BB4F-568D0F2095C5}.Debug|x86.Build.0 = Debug|Any CPU
		{9841B63F-3FFD-4ACC-BB4F-568D0F2095C5}.Release|Any CPU.ActiveCfg = Release|Any CPU
		{9841B63F-3FFD-4ACC-BB4F-568D0F2095C5}.Release|Any CPU.Build.0 = Release|Any CPU
		{9841B63F-3FFD-4ACC-BB4F-568D0F2095C5}.Release|x64.ActiveCfg = Release|Any CPU
		{9841B63F-3FFD-4ACC-BB4F-568D0F2095C5}.Release|x64.Build.0 = Release|Any CPU
		{9841B63F-3FFD-4ACC-BB4F-568D0F2095C5}.Release|x86.ActiveCfg = Release|Any CPU
		{9841B63F-3FFD-4ACC-BB4F-568D0F2095C5}.Release|x86.Build.0 = Release|Any CPU
		{05AEB619-4A28-477D-B1A4-6995EDEB4CF8}.Debug|Any CPU.ActiveCfg = Debug|Any CPU
		{05AEB619-4A28-477D-B1A4-6995EDEB4CF8}.Debug|Any CPU.Build.0 = Debug|Any CPU
		{05AEB619-4A28-477D-B1A4-6995EDEB4CF8}.Debug|x64.ActiveCfg = Debug|Any CPU
		{05AEB619-4A28-477D-B1A4-6995EDEB4CF8}.Debug|x64.Build.0 = Debug|Any CPU
		{05AEB619-4A28-477D-B1A4-6995EDEB4CF8}.Debug|x86.ActiveCfg = Debug|Any CPU
		{05AEB619-4A28-477D-B1A4-6995EDEB4CF8}.Debug|x86.Build.0 = Debug|Any CPU
		{05AEB619-4A28-477D-B1A4-6995EDEB4CF8}.Release|Any CPU.ActiveCfg = Release|Any CPU
		{05AEB619-4A28-477D-B1A4-6995EDEB4CF8}.Release|Any CPU.Build.0 = Release|Any CPU
		{05AEB619-4A28-477D-B1A4-6995EDEB4CF8}.Release|x64.ActiveCfg = Release|Any CPU
		{05AEB619-4A28-477D-B1A4-6995EDEB4CF8}.Release|x64.Build.0 = Release|Any CPU
		{05AEB619-4A28-477D-B1A4-6995EDEB4CF8}.Release|x86.ActiveCfg = Release|Any CPU
		{05AEB619-4A28-477D-B1A4-6995EDEB4CF8}.Release|x86.Build.0 = Release|Any CPU
		{FD149F50-BCCB-4ED1-95B1-558FAADE832C}.Debug|Any CPU.ActiveCfg = Debug|Any CPU
		{FD149F50-BCCB-4ED1-95B1-558FAADE832C}.Debug|Any CPU.Build.0 = Debug|Any CPU
		{FD149F50-BCCB-4ED1-95B1-558FAADE832C}.Debug|x64.ActiveCfg = Debug|Any CPU
		{FD149F50-BCCB-4ED1-95B1-558FAADE832C}.Debug|x64.Build.0 = Debug|Any CPU
		{FD149F50-BCCB-4ED1-95B1-558FAADE832C}.Debug|x86.ActiveCfg = Debug|Any CPU
		{FD149F50-BCCB-4ED1-95B1-558FAADE832C}.Debug|x86.Build.0 = Debug|Any CPU
		{FD149F50-BCCB-4ED1-95B1-558FAADE832C}.Release|Any CPU.ActiveCfg = Release|Any CPU
		{FD149F50-BCCB-4ED1-95B1-558FAADE832C}.Release|Any CPU.Build.0 = Release|Any CPU
		{FD149F50-BCCB-4ED1-95B1-558FAADE832C}.Release|x64.ActiveCfg = Release|Any CPU
		{FD149F50-BCCB-4ED1-95B1-558FAADE832C}.Release|x64.Build.0 = Release|Any CPU
		{FD149F50-BCCB-4ED1-95B1-558FAADE832C}.Release|x86.ActiveCfg = Release|Any CPU
		{FD149F50-BCCB-4ED1-95B1-558FAADE832C}.Release|x86.Build.0 = Release|Any CPU
		{75BF6E98-FDD6-41ED-BDA9-8794A9F48DD1}.Debug|Any CPU.ActiveCfg = Debug|Any CPU
		{75BF6E98-FDD6-41ED-BDA9-8794A9F48DD1}.Debug|Any CPU.Build.0 = Debug|Any CPU
		{75BF6E98-FDD6-41ED-BDA9-8794A9F48DD1}.Debug|x64.ActiveCfg = Debug|Any CPU
		{75BF6E98-FDD6-41ED-BDA9-8794A9F48DD1}.Debug|x64.Build.0 = Debug|Any CPU
		{75BF6E98-FDD6-41ED-BDA9-8794A9F48DD1}.Debug|x86.ActiveCfg = Debug|Any CPU
		{75BF6E98-FDD6-41ED-BDA9-8794A9F48DD1}.Debug|x86.Build.0 = Debug|Any CPU
		{75BF6E98-FDD6-41ED-BDA9-8794A9F48DD1}.Release|Any CPU.ActiveCfg = Release|Any CPU
		{75BF6E98-FDD6-41ED-BDA9-8794A9F48DD1}.Release|Any CPU.Build.0 = Release|Any CPU
		{75BF6E98-FDD6-41ED-BDA9-8794A9F48DD1}.Release|x64.ActiveCfg = Release|Any CPU
		{75BF6E98-FDD6-41ED-BDA9-8794A9F48DD1}.Release|x64.Build.0 = Release|Any CPU
		{75BF6E98-FDD6-41ED-BDA9-8794A9F48DD1}.Release|x86.ActiveCfg = Release|Any CPU
		{75BF6E98-FDD6-41ED-BDA9-8794A9F48DD1}.Release|x86.Build.0 = Release|Any CPU
		{030AD976-E87C-4520-BBFF-77874773152D}.Debug|Any CPU.ActiveCfg = Debug|Any CPU
		{030AD976-E87C-4520-BBFF-77874773152D}.Debug|Any CPU.Build.0 = Debug|Any CPU
		{030AD976-E87C-4520-BBFF-77874773152D}.Debug|x64.ActiveCfg = Debug|Any CPU
		{030AD976-E87C-4520-BBFF-77874773152D}.Debug|x64.Build.0 = Debug|Any CPU
		{030AD976-E87C-4520-BBFF-77874773152D}.Debug|x86.ActiveCfg = Debug|Any CPU
		{030AD976-E87C-4520-BBFF-77874773152D}.Debug|x86.Build.0 = Debug|Any CPU
		{030AD976-E87C-4520-BBFF-77874773152D}.Release|Any CPU.ActiveCfg = Release|Any CPU
		{030AD976-E87C-4520-BBFF-77874773152D}.Release|Any CPU.Build.0 = Release|Any CPU
		{030AD976-E87C-4520-BBFF-77874773152D}.Release|x64.ActiveCfg = Release|Any CPU
		{030AD976-E87C-4520-BBFF-77874773152D}.Release|x64.Build.0 = Release|Any CPU
		{030AD976-E87C-4520-BBFF-77874773152D}.Release|x86.ActiveCfg = Release|Any CPU
		{030AD976-E87C-4520-BBFF-77874773152D}.Release|x86.Build.0 = Release|Any CPU
		{A815C5E7-DEC7-40A6-8800-17A971E6E8B1}.Debug|Any CPU.ActiveCfg = Debug|Any CPU
		{A815C5E7-DEC7-40A6-8800-17A971E6E8B1}.Debug|Any CPU.Build.0 = Debug|Any CPU
		{A815C5E7-DEC7-40A6-8800-17A971E6E8B1}.Debug|x64.ActiveCfg = Debug|Any CPU
		{A815C5E7-DEC7-40A6-8800-17A971E6E8B1}.Debug|x64.Build.0 = Debug|Any CPU
		{A815C5E7-DEC7-40A6-8800-17A971E6E8B1}.Debug|x86.ActiveCfg = Debug|Any CPU
		{A815C5E7-DEC7-40A6-8800-17A971E6E8B1}.Debug|x86.Build.0 = Debug|Any CPU
		{A815C5E7-DEC7-40A6-8800-17A971E6E8B1}.Release|Any CPU.ActiveCfg = Release|Any CPU
		{A815C5E7-DEC7-40A6-8800-17A971E6E8B1}.Release|Any CPU.Build.0 = Release|Any CPU
		{A815C5E7-DEC7-40A6-8800-17A971E6E8B1}.Release|x64.ActiveCfg = Release|Any CPU
		{A815C5E7-DEC7-40A6-8800-17A971E6E8B1}.Release|x64.Build.0 = Release|Any CPU
		{A815C5E7-DEC7-40A6-8800-17A971E6E8B1}.Release|x86.ActiveCfg = Release|Any CPU
		{A815C5E7-DEC7-40A6-8800-17A971E6E8B1}.Release|x86.Build.0 = Release|Any CPU
		{DB9E2101-BC10-4024-BF50-F2040DD695BB}.Debug|Any CPU.ActiveCfg = Debug|Any CPU
		{DB9E2101-BC10-4024-BF50-F2040DD695BB}.Debug|Any CPU.Build.0 = Debug|Any CPU
		{DB9E2101-BC10-4024-BF50-F2040DD695BB}.Debug|x64.ActiveCfg = Debug|Any CPU
		{DB9E2101-BC10-4024-BF50-F2040DD695BB}.Debug|x64.Build.0 = Debug|Any CPU
		{DB9E2101-BC10-4024-BF50-F2040DD695BB}.Debug|x86.ActiveCfg = Debug|Any CPU
		{DB9E2101-BC10-4024-BF50-F2040DD695BB}.Debug|x86.Build.0 = Debug|Any CPU
		{DB9E2101-BC10-4024-BF50-F2040DD695BB}.Release|Any CPU.ActiveCfg = Release|Any CPU
		{DB9E2101-BC10-4024-BF50-F2040DD695BB}.Release|Any CPU.Build.0 = Release|Any CPU
		{DB9E2101-BC10-4024-BF50-F2040DD695BB}.Release|x64.ActiveCfg = Release|Any CPU
		{DB9E2101-BC10-4024-BF50-F2040DD695BB}.Release|x64.Build.0 = Release|Any CPU
		{DB9E2101-BC10-4024-BF50-F2040DD695BB}.Release|x86.ActiveCfg = Release|Any CPU
		{DB9E2101-BC10-4024-BF50-F2040DD695BB}.Release|x86.Build.0 = Release|Any CPU
		{F6D1C152-C18B-4022-A86A-EF3382E41704}.Debug|Any CPU.ActiveCfg = Debug|Any CPU
		{F6D1C152-C18B-4022-A86A-EF3382E41704}.Debug|Any CPU.Build.0 = Debug|Any CPU
		{F6D1C152-C18B-4022-A86A-EF3382E41704}.Debug|x64.ActiveCfg = Debug|Any CPU
		{F6D1C152-C18B-4022-A86A-EF3382E41704}.Debug|x64.Build.0 = Debug|Any CPU
		{F6D1C152-C18B-4022-A86A-EF3382E41704}.Debug|x86.ActiveCfg = Debug|Any CPU
		{F6D1C152-C18B-4022-A86A-EF3382E41704}.Debug|x86.Build.0 = Debug|Any CPU
		{F6D1C152-C18B-4022-A86A-EF3382E41704}.Release|Any CPU.ActiveCfg = Release|Any CPU
		{F6D1C152-C18B-4022-A86A-EF3382E41704}.Release|Any CPU.Build.0 = Release|Any CPU
		{F6D1C152-C18B-4022-A86A-EF3382E41704}.Release|x64.ActiveCfg = Release|Any CPU
		{F6D1C152-C18B-4022-A86A-EF3382E41704}.Release|x64.Build.0 = Release|Any CPU
		{F6D1C152-C18B-4022-A86A-EF3382E41704}.Release|x86.ActiveCfg = Release|Any CPU
		{F6D1C152-C18B-4022-A86A-EF3382E41704}.Release|x86.Build.0 = Release|Any CPU
		{EAB26712-3A43-4A6C-B7C1-FEFFB00B2677}.Debug|Any CPU.ActiveCfg = Debug|Any CPU
		{EAB26712-3A43-4A6C-B7C1-FEFFB00B2677}.Debug|Any CPU.Build.0 = Debug|Any CPU
		{EAB26712-3A43-4A6C-B7C1-FEFFB00B2677}.Debug|x64.ActiveCfg = Debug|Any CPU
		{EAB26712-3A43-4A6C-B7C1-FEFFB00B2677}.Debug|x64.Build.0 = Debug|Any CPU
		{EAB26712-3A43-4A6C-B7C1-FEFFB00B2677}.Debug|x86.ActiveCfg = Debug|Any CPU
		{EAB26712-3A43-4A6C-B7C1-FEFFB00B2677}.Debug|x86.Build.0 = Debug|Any CPU
		{EAB26712-3A43-4A6C-B7C1-FEFFB00B2677}.Release|Any CPU.ActiveCfg = Release|Any CPU
		{EAB26712-3A43-4A6C-B7C1-FEFFB00B2677}.Release|Any CPU.Build.0 = Release|Any CPU
		{EAB26712-3A43-4A6C-B7C1-FEFFB00B2677}.Release|x64.ActiveCfg = Release|Any CPU
		{EAB26712-3A43-4A6C-B7C1-FEFFB00B2677}.Release|x64.Build.0 = Release|Any CPU
		{EAB26712-3A43-4A6C-B7C1-FEFFB00B2677}.Release|x86.ActiveCfg = Release|Any CPU
		{EAB26712-3A43-4A6C-B7C1-FEFFB00B2677}.Release|x86.Build.0 = Release|Any CPU
		{ED5CEA2F-ABA5-4B8E-8001-C5AD2DF396C5}.Debug|Any CPU.ActiveCfg = Debug|Any CPU
		{ED5CEA2F-ABA5-4B8E-8001-C5AD2DF396C5}.Debug|Any CPU.Build.0 = Debug|Any CPU
		{ED5CEA2F-ABA5-4B8E-8001-C5AD2DF396C5}.Debug|x64.ActiveCfg = Debug|Any CPU
		{ED5CEA2F-ABA5-4B8E-8001-C5AD2DF396C5}.Debug|x64.Build.0 = Debug|Any CPU
		{ED5CEA2F-ABA5-4B8E-8001-C5AD2DF396C5}.Debug|x86.ActiveCfg = Debug|Any CPU
		{ED5CEA2F-ABA5-4B8E-8001-C5AD2DF396C5}.Debug|x86.Build.0 = Debug|Any CPU
		{ED5CEA2F-ABA5-4B8E-8001-C5AD2DF396C5}.Release|Any CPU.ActiveCfg = Release|Any CPU
		{ED5CEA2F-ABA5-4B8E-8001-C5AD2DF396C5}.Release|Any CPU.Build.0 = Release|Any CPU
		{ED5CEA2F-ABA5-4B8E-8001-C5AD2DF396C5}.Release|x64.ActiveCfg = Release|Any CPU
		{ED5CEA2F-ABA5-4B8E-8001-C5AD2DF396C5}.Release|x64.Build.0 = Release|Any CPU
		{ED5CEA2F-ABA5-4B8E-8001-C5AD2DF396C5}.Release|x86.ActiveCfg = Release|Any CPU
		{ED5CEA2F-ABA5-4B8E-8001-C5AD2DF396C5}.Release|x86.Build.0 = Release|Any CPU
		{F1A54851-7197-46A4-A3CF-32449365E7F6}.Debug|Any CPU.ActiveCfg = Debug|Any CPU
		{F1A54851-7197-46A4-A3CF-32449365E7F6}.Debug|Any CPU.Build.0 = Debug|Any CPU
		{F1A54851-7197-46A4-A3CF-32449365E7F6}.Debug|x64.ActiveCfg = Debug|Any CPU
		{F1A54851-7197-46A4-A3CF-32449365E7F6}.Debug|x64.Build.0 = Debug|Any CPU
		{F1A54851-7197-46A4-A3CF-32449365E7F6}.Debug|x86.ActiveCfg = Debug|Any CPU
		{F1A54851-7197-46A4-A3CF-32449365E7F6}.Debug|x86.Build.0 = Debug|Any CPU
		{F1A54851-7197-46A4-A3CF-32449365E7F6}.Release|Any CPU.ActiveCfg = Release|Any CPU
		{F1A54851-7197-46A4-A3CF-32449365E7F6}.Release|Any CPU.Build.0 = Release|Any CPU
		{F1A54851-7197-46A4-A3CF-32449365E7F6}.Release|x64.ActiveCfg = Release|Any CPU
		{F1A54851-7197-46A4-A3CF-32449365E7F6}.Release|x64.Build.0 = Release|Any CPU
		{F1A54851-7197-46A4-A3CF-32449365E7F6}.Release|x86.ActiveCfg = Release|Any CPU
		{F1A54851-7197-46A4-A3CF-32449365E7F6}.Release|x86.Build.0 = Release|Any CPU
		{573E1EAD-F560-416D-A38F-5DBA6B0461AF}.Debug|Any CPU.ActiveCfg = Debug|Any CPU
		{573E1EAD-F560-416D-A38F-5DBA6B0461AF}.Debug|Any CPU.Build.0 = Debug|Any CPU
		{573E1EAD-F560-416D-A38F-5DBA6B0461AF}.Debug|x64.ActiveCfg = Debug|Any CPU
		{573E1EAD-F560-416D-A38F-5DBA6B0461AF}.Debug|x64.Build.0 = Debug|Any CPU
		{573E1EAD-F560-416D-A38F-5DBA6B0461AF}.Debug|x86.ActiveCfg = Debug|Any CPU
		{573E1EAD-F560-416D-A38F-5DBA6B0461AF}.Debug|x86.Build.0 = Debug|Any CPU
		{573E1EAD-F560-416D-A38F-5DBA6B0461AF}.Release|Any CPU.ActiveCfg = Release|Any CPU
		{573E1EAD-F560-416D-A38F-5DBA6B0461AF}.Release|Any CPU.Build.0 = Release|Any CPU
		{573E1EAD-F560-416D-A38F-5DBA6B0461AF}.Release|x64.ActiveCfg = Release|Any CPU
		{573E1EAD-F560-416D-A38F-5DBA6B0461AF}.Release|x64.Build.0 = Release|Any CPU
		{573E1EAD-F560-416D-A38F-5DBA6B0461AF}.Release|x86.ActiveCfg = Release|Any CPU
		{573E1EAD-F560-416D-A38F-5DBA6B0461AF}.Release|x86.Build.0 = Release|Any CPU
		{042BB482-1AC2-4481-88E6-0E88370BC164}.Debug|Any CPU.ActiveCfg = Debug|Any CPU
		{042BB482-1AC2-4481-88E6-0E88370BC164}.Debug|Any CPU.Build.0 = Debug|Any CPU
		{042BB482-1AC2-4481-88E6-0E88370BC164}.Debug|x64.ActiveCfg = Debug|Any CPU
		{042BB482-1AC2-4481-88E6-0E88370BC164}.Debug|x64.Build.0 = Debug|Any CPU
		{042BB482-1AC2-4481-88E6-0E88370BC164}.Debug|x86.ActiveCfg = Debug|Any CPU
		{042BB482-1AC2-4481-88E6-0E88370BC164}.Debug|x86.Build.0 = Debug|Any CPU
		{042BB482-1AC2-4481-88E6-0E88370BC164}.Release|Any CPU.ActiveCfg = Release|Any CPU
		{042BB482-1AC2-4481-88E6-0E88370BC164}.Release|Any CPU.Build.0 = Release|Any CPU
		{042BB482-1AC2-4481-88E6-0E88370BC164}.Release|x64.ActiveCfg = Release|Any CPU
		{042BB482-1AC2-4481-88E6-0E88370BC164}.Release|x64.Build.0 = Release|Any CPU
		{042BB482-1AC2-4481-88E6-0E88370BC164}.Release|x86.ActiveCfg = Release|Any CPU
		{042BB482-1AC2-4481-88E6-0E88370BC164}.Release|x86.Build.0 = Release|Any CPU
		{6645585B-B473-450C-9CD9-08B6AE2A08B5}.Debug|Any CPU.ActiveCfg = Debug|Any CPU
		{6645585B-B473-450C-9CD9-08B6AE2A08B5}.Debug|Any CPU.Build.0 = Debug|Any CPU
		{6645585B-B473-450C-9CD9-08B6AE2A08B5}.Debug|x64.ActiveCfg = Debug|Any CPU
		{6645585B-B473-450C-9CD9-08B6AE2A08B5}.Debug|x64.Build.0 = Debug|Any CPU
		{6645585B-B473-450C-9CD9-08B6AE2A08B5}.Debug|x86.ActiveCfg = Debug|Any CPU
		{6645585B-B473-450C-9CD9-08B6AE2A08B5}.Debug|x86.Build.0 = Debug|Any CPU
		{6645585B-B473-450C-9CD9-08B6AE2A08B5}.Release|Any CPU.ActiveCfg = Release|Any CPU
		{6645585B-B473-450C-9CD9-08B6AE2A08B5}.Release|Any CPU.Build.0 = Release|Any CPU
		{6645585B-B473-450C-9CD9-08B6AE2A08B5}.Release|x64.ActiveCfg = Release|Any CPU
		{6645585B-B473-450C-9CD9-08B6AE2A08B5}.Release|x64.Build.0 = Release|Any CPU
		{6645585B-B473-450C-9CD9-08B6AE2A08B5}.Release|x86.ActiveCfg = Release|Any CPU
		{6645585B-B473-450C-9CD9-08B6AE2A08B5}.Release|x86.Build.0 = Release|Any CPU
	EndGlobalSection
EndGlobal
