
Microsoft Visual Studio Solution File, Format Version 12.00
Project("{FAE04EC0-301F-11D3-BF4B-00C04F79EFBC}") = "IdentityServer", "IdentityServer\IdentityServer.csproj", "{9AC9277B-5121-4015-B910-ED2A4BBCE773}"
EndProject
Project("{2150E333-8FDC-42A3-9474-1A3956D46DE8}") = "docker-compose", "docker-compose", "{7FE4F6B4-7D7F-4B6E-B134-7E6066DFD775}"
ProjectSection(SolutionItems) = preProject
	docker-compose.yml = docker-compose.yml
	readme = readme
	run.sh = run.sh
EndProjectSection
EndProject
Global
	GlobalSection(SolutionConfigurationPlatforms) = preSolution
		Debug|Any CPU = Debug|Any CPU
		Release|Any CPU = Release|Any CPU
	EndGlobalSection
	GlobalSection(ProjectConfigurationPlatforms) = postSolution
		{9AC9277B-5121-4015-B910-ED2A4BBCE773}.Debug|Any CPU.ActiveCfg = Debug|Any CPU
		{9AC9277B-5121-4015-B910-ED2A4BBCE773}.Debug|Any CPU.Build.0 = Debug|Any CPU
		{9AC9277B-5121-4015-B910-ED2A4BBCE773}.Release|Any CPU.ActiveCfg = Release|Any CPU
		{9AC9277B-5121-4015-B910-ED2A4BBCE773}.Release|Any CPU.Build.0 = Release|Any CPU
	EndGlobalSection
EndGlobal
